
Microsoft Visual Studio Solution File, Format Version 12.00
# Visual Studio Version 17
VisualStudioVersion = 17.14.36202.13 d17.14
MinimumVisualStudioVersion = 10.0.40219.1
Project("{FAE04EC0-301F-11D3-BF4B-00C04F79EFBC}") = "ShowControl", "ShowControl.csproj", "{73570981-A9B4-4720-BF0E-F0825839E550}"
EndProject
Global
	GlobalSection(SolutionConfigurationPlatforms) = preSolution
		Debug|Any CPU = Debug|Any CPU
		Release|Any CPU = Release|Any CPU
	EndGlobalSection
	GlobalSection(ProjectConfigurationPlatforms) = postSolution
		{73570981-A9B4-4720-BF0E-F0825839E550}.Debug|Any CPU.ActiveCfg = Debug|Any CPU
		{73570981-A9B4-4720-BF0E-F0825839E550}.Debug|Any CPU.Build.0 = Debug|Any CPU
		{73570981-A9B4-4720-BF0E-F0825839E550}.Release|Any CPU.ActiveCfg = Release|Any CPU
		{73570981-A9B4-4720-BF0E-F0825839E550}.Release|Any CPU.Build.0 = Release|Any CPU
	EndGlobalSection
	GlobalSection(SolutionProperties) = preSolution
		HideSolutionNode = FALSE
	EndGlobalSection
	GlobalSection(ExtensibilityGlobals) = postSolution
		SolutionGuid = {94893EF5-A7DD-4596-A532-921A9504CE1B}
	EndGlobalSection
EndGlobal
